
Microsoft Visual Studio Solution File, Format Version 12.00
# Visual Studio Version 17
VisualStudioVersion = 17.0.31903.59
MinimumVisualStudioVersion = 10.0.40219.1
Project("{9A19103F-16F7-4668-BE54-9A1E7A4F7556}") = "MarkdownBlog.Domain", "MarkdownBlog.Domain\MarkdownBlog.Domain.csproj", "{EB1D8F67-C857-4DF0-AAA1-3B88185D6EF4}"
EndProject
Project("{9A19103F-16F7-4668-BE54-9A1E7A4F7556}") = "MarkdownBlog.Tests", "MarkdownBlog.Tests\MarkdownBlog.Tests.csproj", "{0A4A7A3A-F907-4C39-96DC-7FDC987E8942}"
EndProject
Project("{9A19103F-16F7-4668-BE54-9A1E7A4F7556}") = "MarkdownBlog.Infra", "MarkdownBlog.Infra\MarkdownBlog.Infra.csproj", "{07950105-1D78-4B6A-A5BF-A33D9E934D20}"
EndProject
Project("{9A19103F-16F7-4668-BE54-9A1E7A4F7556}") = "MarkdownBlog.API", "MarkdownBlog.API\MarkdownBlog.API.csproj", "{A7552CDF-0A5B-4D05-9454-FC3D71026EF5}"
EndProject
Project("{9A19103F-16F7-4668-BE54-9A1E7A4F7556}") = "MarkdownBlog.Functions", "MarkdownBlog.Functions\MarkdownBlog.Functions.csproj", "{5C5131BA-BFE9-4D78-9364-86B9332ED21D}"
EndProject
Global
	GlobalSection(SolutionConfigurationPlatforms) = preSolution
		Debug|Any CPU = Debug|Any CPU
		Release|Any CPU = Release|Any CPU
	EndGlobalSection
	GlobalSection(ProjectConfigurationPlatforms) = postSolution
		{EB1D8F67-C857-4DF0-AAA1-3B88185D6EF4}.Debug|Any CPU.ActiveCfg = Debug|Any CPU
		{EB1D8F67-C857-4DF0-AAA1-3B88185D6EF4}.Debug|Any CPU.Build.0 = Debug|Any CPU
		{EB1D8F67-C857-4DF0-AAA1-3B88185D6EF4}.Release|Any CPU.ActiveCfg = Release|Any CPU
		{EB1D8F67-C857-4DF0-AAA1-3B88185D6EF4}.Release|Any CPU.Build.0 = Release|Any CPU
		{0A4A7A3A-F907-4C39-96DC-7FDC987E8942}.Debug|Any CPU.ActiveCfg = Debug|Any CPU
		{0A4A7A3A-F907-4C39-96DC-7FDC987E8942}.Debug|Any CPU.Build.0 = Debug|Any CPU
		{0A4A7A3A-F907-4C39-96DC-7FDC987E8942}.Release|Any CPU.ActiveCfg = Release|Any CPU
		{0A4A7A3A-F907-4C39-96DC-7FDC987E8942}.Release|Any CPU.Build.0 = Release|Any CPU
		{07950105-1D78-4B6A-A5BF-A33D9E934D20}.Debug|Any CPU.ActiveCfg = Debug|Any CPU
		{07950105-1D78-4B6A-A5BF-A33D9E934D20}.Debug|Any CPU.Build.0 = Debug|Any CPU
		{07950105-1D78-4B6A-A5BF-A33D9E934D20}.Release|Any CPU.ActiveCfg = Release|Any CPU
		{07950105-1D78-4B6A-A5BF-A33D9E934D20}.Release|Any CPU.Build.0 = Release|Any CPU
		{A7552CDF-0A5B-4D05-9454-FC3D71026EF5}.Debug|Any CPU.ActiveCfg = Debug|Any CPU
		{A7552CDF-0A5B-4D05-9454-FC3D71026EF5}.Debug|Any CPU.Build.0 = Debug|Any CPU
		{A7552CDF-0A5B-4D05-9454-FC3D71026EF5}.Release|Any CPU.ActiveCfg = Release|Any CPU
		{A7552CDF-0A5B-4D05-9454-FC3D71026EF5}.Release|Any CPU.Build.0 = Release|Any CPU
		{5C5131BA-BFE9-4D78-9364-86B9332ED21D}.Debug|Any CPU.ActiveCfg = Debug|Any CPU
		{5C5131BA-BFE9-4D78-9364-86B9332ED21D}.Debug|Any CPU.Build.0 = Debug|Any CPU
		{5C5131BA-BFE9-4D78-9364-86B9332ED21D}.Release|Any CPU.ActiveCfg = Release|Any CPU
		{5C5131BA-BFE9-4D78-9364-86B9332ED21D}.Release|Any CPU.Build.0 = Release|Any CPU
	EndGlobalSection
	GlobalSection(SolutionProperties) = preSolution
		HideSolutionNode = FALSE
	EndGlobalSection
	GlobalSection(ExtensibilityGlobals) = postSolution
		SolutionGuid = {C6B76BFD-F231-40FF-ABD0-332809BB6F2A}
	EndGlobalSection
EndGlobal
